
Microsoft Visual Studio Solution File, Format Version 12.00
# Visual Studio Version 16
VisualStudioVersion = 16.0.29519.87
MinimumVisualStudioVersion = 10.0.40219.1
Project("{FAE04EC0-301F-11D3-BF4B-00C04F79EFBC}") = "TestWebAPICrud", "TestWebAPICrud.csproj", "{B1D19613-5F9F-45EB-9DA0-63F0FAD76C58}"
EndProject
Global
	GlobalSection(SolutionConfigurationPlatforms) = preSolution
		Debug|Any CPU = Debug|Any CPU
		Release|Any CPU = Release|Any CPU
	EndGlobalSection
	GlobalSection(ProjectConfigurationPlatforms) = postSolution
		{B1D19613-5F9F-45EB-9DA0-63F0FAD76C58}.Debug|Any CPU.ActiveCfg = Debug|Any CPU
		{B1D19613-5F9F-45EB-9DA0-63F0FAD76C58}.Debug|Any CPU.Build.0 = Debug|Any CPU
		{B1D19613-5F9F-45EB-9DA0-63F0FAD76C58}.Release|Any CPU.ActiveCfg = Release|Any CPU
		{B1D19613-5F9F-45EB-9DA0-63F0FAD76C58}.Release|Any CPU.Build.0 = Release|Any CPU
	EndGlobalSection
	GlobalSection(SolutionProperties) = preSolution
		HideSolutionNode = FALSE
	EndGlobalSection
	GlobalSection(ExtensibilityGlobals) = postSolution
		SolutionGuid = {A2D108FD-93B3-49F6-B7BC-30775B5316A4}
	EndGlobalSection
EndGlobal
